
Microsoft Visual Studio Solution File, Format Version 12.00
# Visual Studio Version 17
VisualStudioVersion = 17.6.33829.357
MinimumVisualStudioVersion = 10.0.40219.1
Project("{FAE04EC0-301F-11D3-BF4B-00C04F79EFBC}") = "BUCLES", "BUCLES\BUCLES.csproj", "{FB8D38EC-56B1-4812-B83C-65C6BDDF0D49}"
EndProject
Global
	GlobalSection(SolutionConfigurationPlatforms) = preSolution
		Debug|Any CPU = Debug|Any CPU
		Release|Any CPU = Release|Any CPU
	EndGlobalSection
	GlobalSection(ProjectConfigurationPlatforms) = postSolution
		{FB8D38EC-56B1-4812-B83C-65C6BDDF0D49}.Debug|Any CPU.ActiveCfg = Debug|Any CPU
		{FB8D38EC-56B1-4812-B83C-65C6BDDF0D49}.Debug|Any CPU.Build.0 = Debug|Any CPU
		{FB8D38EC-56B1-4812-B83C-65C6BDDF0D49}.Release|Any CPU.ActiveCfg = Release|Any CPU
		{FB8D38EC-56B1-4812-B83C-65C6BDDF0D49}.Release|Any CPU.Build.0 = Release|Any CPU
	EndGlobalSection
	GlobalSection(SolutionProperties) = preSolution
		HideSolutionNode = FALSE
	EndGlobalSection
	GlobalSection(ExtensibilityGlobals) = postSolution
		SolutionGuid = {0BB30B42-725D-4123-86A4-304481D0EF0B}
	EndGlobalSection
EndGlobal
