
Microsoft Visual Studio Solution File, Format Version 12.00
# Visual Studio Version 17
VisualStudioVersion = 17.6.33829.357
MinimumVisualStudioVersion = 10.0.40219.1
Project("{FAE04EC0-301F-11D3-BF4B-00C04F79EFBC}") = "condicionales", "condicionales\condicionales.csproj", "{13D5EF41-D930-4573-A644-9EC4EB5CB4EF}"
EndProject
Global
	GlobalSection(SolutionConfigurationPlatforms) = preSolution
		Debug|Any CPU = Debug|Any CPU
		Release|Any CPU = Release|Any CPU
	EndGlobalSection
	GlobalSection(ProjectConfigurationPlatforms) = postSolution
		{13D5EF41-D930-4573-A644-9EC4EB5CB4EF}.Debug|Any CPU.ActiveCfg = Debug|Any CPU
		{13D5EF41-D930-4573-A644-9EC4EB5CB4EF}.Debug|Any CPU.Build.0 = Debug|Any CPU
		{13D5EF41-D930-4573-A644-9EC4EB5CB4EF}.Release|Any CPU.ActiveCfg = Release|Any CPU
		{13D5EF41-D930-4573-A644-9EC4EB5CB4EF}.Release|Any CPU.Build.0 = Release|Any CPU
	EndGlobalSection
	GlobalSection(SolutionProperties) = preSolution
		HideSolutionNode = FALSE
	EndGlobalSection
	GlobalSection(ExtensibilityGlobals) = postSolution
		SolutionGuid = {B06B5150-0863-4A37-9FDD-94051038ADE1}
	EndGlobalSection
EndGlobal
