
Microsoft Visual Studio Solution File, Format Version 12.00
# Visual Studio Version 17
VisualStudioVersion = 17.6.33815.320
MinimumVisualStudioVersion = 10.0.40219.1
Project("{FAE04EC0-301F-11D3-BF4B-00C04F79EFBC}") = "Practica1WorkerService", "Practica1WorkerService\Practica1WorkerService.csproj", "{3AC555FE-0782-451A-803C-8CF5A073F5F7}"
EndProject
Global
	GlobalSection(SolutionConfigurationPlatforms) = preSolution
		Debug|Any CPU = Debug|Any CPU
		Release|Any CPU = Release|Any CPU
	EndGlobalSection
	GlobalSection(ProjectConfigurationPlatforms) = postSolution
		{3AC555FE-0782-451A-803C-8CF5A073F5F7}.Debug|Any CPU.ActiveCfg = Debug|Any CPU
		{3AC555FE-0782-451A-803C-8CF5A073F5F7}.Debug|Any CPU.Build.0 = Debug|Any CPU
		{3AC555FE-0782-451A-803C-8CF5A073F5F7}.Release|Any CPU.ActiveCfg = Release|Any CPU
		{3AC555FE-0782-451A-803C-8CF5A073F5F7}.Release|Any CPU.Build.0 = Release|Any CPU
	EndGlobalSection
	GlobalSection(SolutionProperties) = preSolution
		HideSolutionNode = FALSE
	EndGlobalSection
	GlobalSection(ExtensibilityGlobals) = postSolution
		SolutionGuid = {36A0983D-0900-4C96-87F7-AA5D5D8441F9}
	EndGlobalSection
EndGlobal
