
Microsoft Visual Studio Solution File, Format Version 12.00
# Visual Studio Version 17
VisualStudioVersion = 17.6.33829.357
MinimumVisualStudioVersion = 10.0.40219.1
Project("{FAE04EC0-301F-11D3-BF4B-00C04F79EFBC}") = "UsoChecked", "UsoChecked\UsoChecked.csproj", "{15EEB37B-375C-4F81-94A2-574A487A37E5}"
EndProject
Global
	GlobalSection(SolutionConfigurationPlatforms) = preSolution
		Debug|Any CPU = Debug|Any CPU
		Release|Any CPU = Release|Any CPU
	EndGlobalSection
	GlobalSection(ProjectConfigurationPlatforms) = postSolution
		{15EEB37B-375C-4F81-94A2-574A487A37E5}.Debug|Any CPU.ActiveCfg = Debug|Any CPU
		{15EEB37B-375C-4F81-94A2-574A487A37E5}.Debug|Any CPU.Build.0 = Debug|Any CPU
		{15EEB37B-375C-4F81-94A2-574A487A37E5}.Release|Any CPU.ActiveCfg = Release|Any CPU
		{15EEB37B-375C-4F81-94A2-574A487A37E5}.Release|Any CPU.Build.0 = Release|Any CPU
	EndGlobalSection
	GlobalSection(SolutionProperties) = preSolution
		HideSolutionNode = FALSE
	EndGlobalSection
	GlobalSection(ExtensibilityGlobals) = postSolution
		SolutionGuid = {F49C0641-5FB6-41A2-B454-B96FE2964479}
	EndGlobalSection
EndGlobal
