
Microsoft Visual Studio Solution File, Format Version 12.00
# Visual Studio Version 17
VisualStudioVersion = 17.6.33829.357
MinimumVisualStudioVersion = 10.0.40219.1
Project("{FAE04EC0-301F-11D3-BF4B-00C04F79EFBC}") = "EjemploFinally", "EjemploFinally\EjemploFinally.csproj", "{08128A80-EF97-41C0-836B-064979540F9B}"
EndProject
Global
	GlobalSection(SolutionConfigurationPlatforms) = preSolution
		Debug|Any CPU = Debug|Any CPU
		Release|Any CPU = Release|Any CPU
	EndGlobalSection
	GlobalSection(ProjectConfigurationPlatforms) = postSolution
		{08128A80-EF97-41C0-836B-064979540F9B}.Debug|Any CPU.ActiveCfg = Debug|Any CPU
		{08128A80-EF97-41C0-836B-064979540F9B}.Debug|Any CPU.Build.0 = Debug|Any CPU
		{08128A80-EF97-41C0-836B-064979540F9B}.Release|Any CPU.ActiveCfg = Release|Any CPU
		{08128A80-EF97-41C0-836B-064979540F9B}.Release|Any CPU.Build.0 = Release|Any CPU
	EndGlobalSection
	GlobalSection(SolutionProperties) = preSolution
		HideSolutionNode = FALSE
	EndGlobalSection
	GlobalSection(ExtensibilityGlobals) = postSolution
		SolutionGuid = {35342259-AD47-46CD-8AE4-BD0F8E0D6FF3}
	EndGlobalSection
EndGlobal
